
Microsoft Visual Studio Solution File, Format Version 12.00
# Visual Studio Version 17
VisualStudioVersion = 17.8.34511.84
MinimumVisualStudioVersion = 10.0.40219.1
Project("{FAE04EC0-301F-11D3-BF4B-00C04F79EFBC}") = "BlazorAssembly", "BlazorAssembly\BlazorAssembly.csproj", "{5074278E-289D-4A74-BC3F-5DE70F1A9E33}"
EndProject
Project("{FAE04EC0-301F-11D3-BF4B-00C04F79EFBC}") = "BlazorServer", "BlazorServer\BlazorServer.csproj", "{3D67B332-69BB-49E2-919E-56AC9C4EDA1D}"
EndProject
Global
	GlobalSection(SolutionConfigurationPlatforms) = preSolution
		Debug|Any CPU = Debug|Any CPU
		Release|Any CPU = Release|Any CPU
	EndGlobalSection
	GlobalSection(ProjectConfigurationPlatforms) = postSolution
		{5074278E-289D-4A74-BC3F-5DE70F1A9E33}.Debug|Any CPU.ActiveCfg = Debug|Any CPU
		{5074278E-289D-4A74-BC3F-5DE70F1A9E33}.Debug|Any CPU.Build.0 = Debug|Any CPU
		{5074278E-289D-4A74-BC3F-5DE70F1A9E33}.Release|Any CPU.ActiveCfg = Release|Any CPU
		{5074278E-289D-4A74-BC3F-5DE70F1A9E33}.Release|Any CPU.Build.0 = Release|Any CPU
		{3D67B332-69BB-49E2-919E-56AC9C4EDA1D}.Debug|Any CPU.ActiveCfg = Debug|Any CPU
		{3D67B332-69BB-49E2-919E-56AC9C4EDA1D}.Debug|Any CPU.Build.0 = Debug|Any CPU
		{3D67B332-69BB-49E2-919E-56AC9C4EDA1D}.Release|Any CPU.ActiveCfg = Release|Any CPU
		{3D67B332-69BB-49E2-919E-56AC9C4EDA1D}.Release|Any CPU.Build.0 = Release|Any CPU
	EndGlobalSection
	GlobalSection(SolutionProperties) = preSolution
		HideSolutionNode = FALSE
	EndGlobalSection
	GlobalSection(ExtensibilityGlobals) = postSolution
		SolutionGuid = {E3333192-CB7F-43E9-AF4E-84211149797D}
	EndGlobalSection
EndGlobal
